<?xml version="1.0" encoding="UTF-8"?>
<Scheme
   LastUpgradeVersion = "1240"
   version = "1.7">
   <BuildAction
      parallelizeBuildables = "YES"
      buildImplicitDependencies = "YES">
      <PreActions>
         <ExecutionAction
            ActionType = "Xcode.IDEStandardExecutionActionsCore.ExecutionActionType.ShellScriptAction">
            <ActionContent
               title = "Run Script"
               scriptText = "if [[ `uname -m` == &apos;arm64&apos; ]]; then&#10;    sdl2path=&apos;/opt/homebrew/lib/libSDL2.a&apos;&#10;else&#10;    sdl2path=&apos;/usr/local/lib/libSDL2.a&apos;&#10;fi&#10;sed -i &apos;&apos; &quot;s|LIBSDL.*|LIBSDL = $sdl2path|&quot; $SRCROOT/emulator-osx/DreamcastConfig.xcconfig&#10;">
               <EnvironmentBuildable>
                  <BuildableReference
                     BuildableIdentifier = "primary"
                     BlueprintIdentifier = "84A388B21B1CDD3E000166C0"
                     BuildableName = "Flycast.app"
                     BlueprintName = "reicast-osx"
                     ReferencedContainer = "container:reicast-osx.xcodeproj">
                  </BuildableReference>
               </EnvironmentBuildable>
            </ActionContent>
         </ExecutionAction>
      </PreActions>
      <BuildActionEntries>
         <BuildActionEntry
            buildForTesting = "YES"
            buildForRunning = "YES"
            buildForProfiling = "YES"
            buildForArchiving = "YES"
            buildForAnalyzing = "YES">
            <BuildableReference
               BuildableIdentifier = "primary"
               BlueprintIdentifier = "84A388B21B1CDD3E000166C0"
               BuildableName = "Flycast.app"
               BlueprintName = "reicast-osx"
               ReferencedContainer = "container:reicast-osx.xcodeproj">
            </BuildableReference>
         </BuildActionEntry>
         <BuildActionEntry
            buildForTesting = "YES"
            buildForRunning = "NO"
            buildForProfiling = "NO"
            buildForArchiving = "NO"
            buildForAnalyzing = "NO">
            <BuildableReference
               BuildableIdentifier = "primary"
               BlueprintIdentifier = "84A388C21B1CDD3F000166C0"
               BuildableName = "reicast-osxTests.xctest"
               BlueprintName = "reicast-osxTests"
               ReferencedContainer = "container:reicast-osx.xcodeproj">
            </BuildableReference>
         </BuildActionEntry>
      </BuildActionEntries>
   </BuildAction>
   <TestAction
      buildConfiguration = "Debug"
      selectedDebuggerIdentifier = "Xcode.DebuggerFoundation.Debugger.LLDB"
      selectedLauncherIdentifier = "Xcode.DebuggerFoundation.Launcher.LLDB"
      shouldUseLaunchSchemeArgsEnv = "YES">
      <MacroExpansion>
         <BuildableReference
            BuildableIdentifier = "primary"
            BlueprintIdentifier = "84A388B21B1CDD3E000166C0"
            BuildableName = "Flycast.app"
            BlueprintName = "reicast-osx"
            ReferencedContainer = "container:reicast-osx.xcodeproj">
         </BuildableReference>
      </MacroExpansion>
      <Testables>
         <TestableReference
            skipped = "NO">
            <BuildableReference
               BuildableIdentifier = "primary"
               BlueprintIdentifier = "84A388C21B1CDD3F000166C0"
               BuildableName = "reicast-osxTests.xctest"
               BlueprintName = "reicast-osxTests"
               ReferencedContainer = "container:reicast-osx.xcodeproj">
            </BuildableReference>
         </TestableReference>
      </Testables>
   </TestAction>
   <LaunchAction
      buildConfiguration = "Release"
      selectedDebuggerIdentifier = ""
      selectedLauncherIdentifier = "Xcode.IDEFoundation.Launcher.PosixSpawn"
      launchStyle = "0"
      useCustomWorkingDirectory = "NO"
      ignoresPersistentStateOnLaunch = "NO"
      debugDocumentVersioning = "NO"
      debugServiceExtension = "internal"
      allowLocationSimulation = "YES">
      <BuildableProductRunnable
         runnableDebuggingMode = "0">
         <BuildableReference
            BuildableIdentifier = "primary"
            BlueprintIdentifier = "84A388B21B1CDD3E000166C0"
            BuildableName = "Flycast.app"
            BlueprintName = "reicast-osx"
            ReferencedContainer = "container:reicast-osx.xcodeproj">
         </BuildableReference>
      </BuildableProductRunnable>
   </LaunchAction>
   <ProfileAction
      buildConfiguration = "Release"
      shouldUseLaunchSchemeArgsEnv = "YES"
      savedToolIdentifier = ""
      useCustomWorkingDirectory = "NO"
      debugDocumentVersioning = "YES">
      <BuildableProductRunnable
         runnableDebuggingMode = "0">
         <BuildableReference
            BuildableIdentifier = "primary"
            BlueprintIdentifier = "84A388B21B1CDD3E000166C0"
            BuildableName = "Flycast.app"
            BlueprintName = "reicast-osx"
            ReferencedContainer = "container:reicast-osx.xcodeproj">
         </BuildableReference>
      </BuildableProductRunnable>
   </ProfileAction>
   <AnalyzeAction
      buildConfiguration = "Debug">
   </AnalyzeAction>
   <ArchiveAction
      buildConfiguration = "Release"
      revealArchiveInOrganizer = "YES">
   </ArchiveAction>
</Scheme>
