
Microsoft Visual Studio Solution File, Format Version 11.00
# Visual Studio 2010
Project("{8BC9CEB8-8B4A-11D0-8D11-00A0C91BC942}") = "reicast", "reicast.vcxproj", "{58B14048-EACB-4780-8B1E-9C84C2C30A8E}"
EndProject
Global
	GlobalSection(SolutionConfigurationPlatforms) = preSolution
		Debug|Win32 = Debug|Win32
		Release|Win32 = Release|Win32
	EndGlobalSection
	GlobalSection(ProjectConfigurationPlatforms) = postSolution
		{58B14048-EACB-4780-8B1E-9C84C2C30A8E}.Debug|Win32.ActiveCfg = Slow|Win32
		{58B14048-EACB-4780-8B1E-9C84C2C30A8E}.Debug|Win32.Build.0 = Slow|Win32
		{58B14048-EACB-4780-8B1E-9C84C2C30A8E}.Release|Win32.ActiveCfg = Fast|Win32
		{58B14048-EACB-4780-8B1E-9C84C2C30A8E}.Release|Win32.Build.0 = Fast|Win32
	EndGlobalSection
	GlobalSection(SolutionProperties) = preSolution
		HideSolutionNode = FALSE
	EndGlobalSection
EndGlobal
